
Microsoft Visual Studio Solution File, Format Version 12.00
# Visual Studio Version 17
VisualStudioVersion = 17.10.35004.147
MinimumVisualStudioVersion = 10.0.40219.1
Project("{FAE04EC0-301F-11D3-BF4B-00C04F79EFBC}") = "HOTEL", "HOTEL.csproj", "{8F754526-189E-487B-9DCC-0262FD206255}"
EndProject
Global
	GlobalSection(SolutionConfigurationPlatforms) = preSolution
		Debug|Any CPU = Debug|Any CPU
		Release|Any CPU = Release|Any CPU
	EndGlobalSection
	GlobalSection(ProjectConfigurationPlatforms) = postSolution
		{8F754526-189E-487B-9DCC-0262FD206255}.Debug|Any CPU.ActiveCfg = Debug|Any CPU
		{8F754526-189E-487B-9DCC-0262FD206255}.Debug|Any CPU.Build.0 = Debug|Any CPU
		{8F754526-189E-487B-9DCC-0262FD206255}.Release|Any CPU.ActiveCfg = Release|Any CPU
		{8F754526-189E-487B-9DCC-0262FD206255}.Release|Any CPU.Build.0 = Release|Any CPU
	EndGlobalSection
	GlobalSection(SolutionProperties) = preSolution
		HideSolutionNode = FALSE
	EndGlobalSection
	GlobalSection(ExtensibilityGlobals) = postSolution
		SolutionGuid = {0978D45D-7203-429E-A7A1-1B706084384E}
	EndGlobalSection
EndGlobal
